
Microsoft Visual Studio Solution File, Format Version 12.00
# Visual Studio Version 17
VisualStudioVersion = 17.4.33213.308
MinimumVisualStudioVersion = 10.0.40219.1
Project("{9A19103F-16F7-4668-BE54-9A1E7A4F7556}") = "MISA.AMIS.API", "MISA.AMIS.API\MISA.AMIS.API.csproj", "{EEDB2FC9-B4CC-4620-A3AA-53E21EFDF548}"
EndProject
Project("{9A19103F-16F7-4668-BE54-9A1E7A4F7556}") = "MISA.AMIS.BL", "MISA.AMIS.BL\MISA.AMIS.BL.csproj", "{8494229B-AE2F-423A-B320-1F1B42000F6F}"
EndProject
Project("{9A19103F-16F7-4668-BE54-9A1E7A4F7556}") = "MISA.AMIS.DL", "MISA.AMIS.DL\MISA.AMIS.DL.csproj", "{1F377D63-F421-4473-9142-AF4B121B45DD}"
EndProject
Project("{9A19103F-16F7-4668-BE54-9A1E7A4F7556}") = "MISA.AMIS.Common", "MISA.AMIS.Common\MISA.AMIS.Common.csproj", "{B9A27AEE-45CA-4F63-9ECA-BA6BF0C791C3}"
EndProject
Global
	GlobalSection(SolutionConfigurationPlatforms) = preSolution
		Debug|Any CPU = Debug|Any CPU
		Release|Any CPU = Release|Any CPU
	EndGlobalSection
	GlobalSection(ProjectConfigurationPlatforms) = postSolution
		{EEDB2FC9-B4CC-4620-A3AA-53E21EFDF548}.Debug|Any CPU.ActiveCfg = Debug|Any CPU
		{EEDB2FC9-B4CC-4620-A3AA-53E21EFDF548}.Debug|Any CPU.Build.0 = Debug|Any CPU
		{EEDB2FC9-B4CC-4620-A3AA-53E21EFDF548}.Release|Any CPU.ActiveCfg = Release|Any CPU
		{EEDB2FC9-B4CC-4620-A3AA-53E21EFDF548}.Release|Any CPU.Build.0 = Release|Any CPU
		{8494229B-AE2F-423A-B320-1F1B42000F6F}.Debug|Any CPU.ActiveCfg = Debug|Any CPU
		{8494229B-AE2F-423A-B320-1F1B42000F6F}.Debug|Any CPU.Build.0 = Debug|Any CPU
		{8494229B-AE2F-423A-B320-1F1B42000F6F}.Release|Any CPU.ActiveCfg = Release|Any CPU
		{8494229B-AE2F-423A-B320-1F1B42000F6F}.Release|Any CPU.Build.0 = Release|Any CPU
		{1F377D63-F421-4473-9142-AF4B121B45DD}.Debug|Any CPU.ActiveCfg = Debug|Any CPU
		{1F377D63-F421-4473-9142-AF4B121B45DD}.Debug|Any CPU.Build.0 = Debug|Any CPU
		{1F377D63-F421-4473-9142-AF4B121B45DD}.Release|Any CPU.ActiveCfg = Release|Any CPU
		{1F377D63-F421-4473-9142-AF4B121B45DD}.Release|Any CPU.Build.0 = Release|Any CPU
		{B9A27AEE-45CA-4F63-9ECA-BA6BF0C791C3}.Debug|Any CPU.ActiveCfg = Debug|Any CPU
		{B9A27AEE-45CA-4F63-9ECA-BA6BF0C791C3}.Debug|Any CPU.Build.0 = Debug|Any CPU
		{B9A27AEE-45CA-4F63-9ECA-BA6BF0C791C3}.Release|Any CPU.ActiveCfg = Release|Any CPU
		{B9A27AEE-45CA-4F63-9ECA-BA6BF0C791C3}.Release|Any CPU.Build.0 = Release|Any CPU
	EndGlobalSection
	GlobalSection(SolutionProperties) = preSolution
		HideSolutionNode = FALSE
	EndGlobalSection
	GlobalSection(ExtensibilityGlobals) = postSolution
		SolutionGuid = {2FC48BD1-D563-477A-854B-C67289B1F3A7}
	EndGlobalSection
EndGlobal
